// !$*UTF8*$!
{
	archiveVersion = 1;
	classes = {
	};
	objectVersion = 56;
	objects = {

/* Begin PBXBuildFile section */
		47ABD2932888F06E0090387F /* UI_618App.swift in Sources */ = {isa = PBXBuildFile; fileRef = 47ABD2922888F06E0090387F /* UI_618App.swift */; };
		47ABD2952888F06E0090387F /* ContentView.swift in Sources */ = {isa = PBXBuildFile; fileRef = 47ABD2942888F06E0090387F /* ContentView.swift */; };
		47ABD2972888F06F0090387F /* Assets.xcassets in Resources */ = {isa = PBXBuildFile; fileRef = 47ABD2962888F06F0090387F /* Assets.xcassets */; };
		47ABD29A2888F06F0090387F /* Preview Assets.xcassets in Resources */ = {isa = PBXBuildFile; fileRef = 47ABD2992888F06F0090387F /* Preview Assets.xcassets */; };
		47ABD2A42888F06F0090387F /* UI_618Tests.swift in Sources */ = {isa = PBXBuildFile; fileRef = 47ABD2A32888F06F0090387F /* UI_618Tests.swift */; };
		47ABD2AE2888F06F0090387F /* UI_618UITests.swift in Sources */ = {isa = PBXBuildFile; fileRef = 47ABD2AD2888F06F0090387F /* UI_618UITests.swift */; };
		47ABD2B02888F06F0090387F /* UI_618UITestsLaunchTests.swift in Sources */ = {isa = PBXBuildFile; fileRef = 47ABD2AF2888F06F0090387F /* UI_618UITestsLaunchTests.swift */; };
		47ABD2BE2888F0790090387F /* Home.swift in Sources */ = {isa = PBXBuildFile; fileRef = 47ABD2BD2888F0790090387F /* Home.swift */; };
		47ABD2C22888F0880090387F /* Extensions.swift in Sources */ = {isa = PBXBuildFile; fileRef = 47ABD2C12888F0880090387F /* Extensions.swift */; };
/* End PBXBuildFile section */

/* Begin PBXContainerItemProxy section */
		47ABD2A02888F06F0090387F /* PBXContainerItemProxy */ = {
			isa = PBXContainerItemProxy;
			containerPortal = 47ABD2872888F06E0090387F /* Project object */;
			proxyType = 1;
			remoteGlobalIDString = 47ABD28E2888F06E0090387F;
			remoteInfo = "UI-618";
		};
		47ABD2AA2888F06F0090387F /* PBXContainerItemProxy */ = {
			isa = PBXContainerItemProxy;
			containerPortal = 47ABD2872888F06E0090387F /* Project object */;
			proxyType = 1;
			remoteGlobalIDString = 47ABD28E2888F06E0090387F;
			remoteInfo = "UI-618";
		};
/* End PBXContainerItemProxy section */

/* Begin PBXFileReference section */
		47ABD28F2888F06E0090387F /* UI-618.app */ = {isa = PBXFileReference; explicitFileType = wrapper.application; includeInIndex = 0; path = "UI-618.app"; sourceTree = BUILT_PRODUCTS_DIR; };
		47ABD2922888F06E0090387F /* UI_618App.swift */ = {isa = PBXFileReference; lastKnownFileType = sourcecode.swift; path = UI_618App.swift; sourceTree = "<group>"; };
		47ABD2942888F06E0090387F /* ContentView.swift */ = {isa = PBXFileReference; lastKnownFileType = sourcecode.swift; path = ContentView.swift; sourceTree = "<group>"; };
		47ABD2962888F06F0090387F /* Assets.xcassets */ = {isa = PBXFileReference; lastKnownFileType = folder.assetcatalog; path = Assets.xcassets; sourceTree = "<group>"; };
		47ABD2992888F06F0090387F /* Preview Assets.xcassets */ = {isa = PBXFileReference; lastKnownFileType = folder.assetcatalog; path = "Preview Assets.xcassets"; sourceTree = "<group>"; };
		47ABD29F2888F06F0090387F /* UI-618Tests.xctest */ = {isa = PBXFileReference; explicitFileType = wrapper.cfbundle; includeInIndex = 0; path = "UI-618Tests.xctest"; sourceTree = BUILT_PRODUCTS_DIR; };
		47ABD2A32888F06F0090387F /* UI_618Tests.swift */ = {isa = PBXFileReference; lastKnownFileType = sourcecode.swift; path = UI_618Tests.swift; sourceTree = "<group>"; };
		47ABD2A92888F06F0090387F /* UI-618UITests.xctest */ = {isa = PBXFileReference; explicitFileType = wrapper.cfbundle; includeInIndex = 0; path = "UI-618UITests.xctest"; sourceTree = BUILT_PRODUCTS_DIR; };
		47ABD2AD2888F06F0090387F /* UI_618UITests.swift */ = {isa = PBXFileReference; lastKnownFileType = sourcecode.swift; path = UI_618UITests.swift; sourceTree = "<group>"; };
		47ABD2AF2888F06F0090387F /* UI_618UITestsLaunchTests.swift */ = {isa = PBXFileReference; lastKnownFileType = sourcecode.swift; path = UI_618UITestsLaunchTests.swift; sourceTree = "<group>"; };
		47ABD2BD2888F0790090387F /* Home.swift */ = {isa = PBXFileReference; lastKnownFileType = sourcecode.swift; path = Home.swift; sourceTree = "<group>"; };
		47ABD2C12888F0880090387F /* Extensions.swift */ = {isa = PBXFileReference; lastKnownFileType = sourcecode.swift; path = Extensions.swift; sourceTree = "<group>"; };
/* End PBXFileReference section */

/* Begin PBXFrameworksBuildPhase section */
		47ABD28C2888F06E0090387F /* Frameworks */ = {
			isa = PBXFrameworksBuildPhase;
			buildActionMask = 2147483647;
			files = (
			);
			runOnlyForDeploymentPostprocessing = 0;
		};
		47ABD29C2888F06F0090387F /* Frameworks */ = {
			isa = PBXFrameworksBuildPhase;
			buildActionMask = 2147483647;
			files = (
			);
			runOnlyForDeploymentPostprocessing = 0;
		};
		47ABD2A62888F06F0090387F /* Frameworks */ = {
			isa = PBXFrameworksBuildPhase;
			buildActionMask = 2147483647;
			files = (
			);
			runOnlyForDeploymentPostprocessing = 0;
		};
/* End PBXFrameworksBuildPhase section */

/* Begin PBXGroup section */
		47ABD2862888F06E0090387F = {
			isa = PBXGroup;
			children = (
				47ABD2912888F06E0090387F /* UI-618 */,
				47ABD2A22888F06F0090387F /* UI-618Tests */,
				47ABD2AC2888F06F0090387F /* UI-618UITests */,
				47ABD2902888F06E0090387F /* Products */,
			);
			sourceTree = "<group>";
		};
		47ABD2902888F06E0090387F /* Products */ = {
			isa = PBXGroup;
			children = (
				47ABD28F2888F06E0090387F /* UI-618.app */,
				47ABD29F2888F06F0090387F /* UI-618Tests.xctest */,
				47ABD2A92888F06F0090387F /* UI-618UITests.xctest */,
			);
			name = Products;
			sourceTree = "<group>";
		};
		47ABD2912888F06E0090387F /* UI-618 */ = {
			isa = PBXGroup;
			children = (
				47ABD2C02888F07E0090387F /* Helpers */,
				47ABD2BC2888F0740090387F /* View */,
				47ABD2922888F06E0090387F /* UI_618App.swift */,
				47ABD2942888F06E0090387F /* ContentView.swift */,
				47ABD2962888F06F0090387F /* Assets.xcassets */,
				47ABD2982888F06F0090387F /* Preview Content */,
			);
			path = "UI-618";
			sourceTree = "<group>";
		};
		47ABD2982888F06F0090387F /* Preview Content */ = {
			isa = PBXGroup;
			children = (
				47ABD2992888F06F0090387F /* Preview Assets.xcassets */,
			);
			path = "Preview Content";
			sourceTree = "<group>";
		};
		47ABD2A22888F06F0090387F /* UI-618Tests */ = {
			isa = PBXGroup;
			children = (
				47ABD2A32888F06F0090387F /* UI_618Tests.swift */,
			);
			path = "UI-618Tests";
			sourceTree = "<group>";
		};
		47ABD2AC2888F06F0090387F /* UI-618UITests */ = {
			isa = PBXGroup;
			children = (
				47ABD2AD2888F06F0090387F /* UI_618UITests.swift */,
				47ABD2AF2888F06F0090387F /* UI_618UITestsLaunchTests.swift */,
			);
			path = "UI-618UITests";
			sourceTree = "<group>";
		};
		47ABD2BC2888F0740090387F /* View */ = {
			isa = PBXGroup;
			children = (
				47ABD2BD2888F0790090387F /* Home.swift */,
			);
			path = View;
			sourceTree = "<group>";
		};
		47ABD2C02888F07E0090387F /* Helpers */ = {
			isa = PBXGroup;
			children = (
				47ABD2C12888F0880090387F /* Extensions.swift */,
			);
			path = Helpers;
			sourceTree = "<group>";
		};
/* End PBXGroup section */

/* Begin PBXNativeTarget section */
		47ABD28E2888F06E0090387F /* UI-618 */ = {
			isa = PBXNativeTarget;
			buildConfigurationList = 47ABD2B32888F06F0090387F /* Build configuration list for PBXNativeTarget "UI-618" */;
			buildPhases = (
				47ABD28B2888F06E0090387F /* Sources */,
				47ABD28C2888F06E0090387F /* Frameworks */,
				47ABD28D2888F06E0090387F /* Resources */,
			);
			buildRules = (
			);
			dependencies = (
			);
			name = "UI-618";
			productName = "UI-618";
			productReference = 47ABD28F2888F06E0090387F /* UI-618.app */;
			productType = "com.apple.product-type.application";
		};
		47ABD29E2888F06F0090387F /* UI-618Tests */ = {
			isa = PBXNativeTarget;
			buildConfigurationList = 47ABD2B62888F06F0090387F /* Build configuration list for PBXNativeTarget "UI-618Tests" */;
			buildPhases = (
				47ABD29B2888F06F0090387F /* Sources */,
				47ABD29C2888F06F0090387F /* Frameworks */,
				47ABD29D2888F06F0090387F /* Resources */,
			);
			buildRules = (
			);
			dependencies = (
				47ABD2A12888F06F0090387F /* PBXTargetDependency */,
			);
			name = "UI-618Tests";
			productName = "UI-618Tests";
			productReference = 47ABD29F2888F06F0090387F /* UI-618Tests.xctest */;
			productType = "com.apple.product-type.bundle.unit-test";
		};
		47ABD2A82888F06F0090387F /* UI-618UITests */ = {
			isa = PBXNativeTarget;
			buildConfigurationList = 47ABD2B92888F06F0090387F /* Build configuration list for PBXNativeTarget "UI-618UITests" */;
			buildPhases = (
				47ABD2A52888F06F0090387F /* Sources */,
				47ABD2A62888F06F0090387F /* Frameworks */,
				47ABD2A72888F06F0090387F /* Resources */,
			);
			buildRules = (
			);
			dependencies = (
				47ABD2AB2888F06F0090387F /* PBXTargetDependency */,
			);
			name = "UI-618UITests";
			productName = "UI-618UITests";
			productReference = 47ABD2A92888F06F0090387F /* UI-618UITests.xctest */;
			productType = "com.apple.product-type.bundle.ui-testing";
		};
/* End PBXNativeTarget section */

/* Begin PBXProject section */
		47ABD2872888F06E0090387F /* Project object */ = {
			isa = PBXProject;
			attributes = {
				BuildIndependentTargetsInParallel = 1;
				LastSwiftUpdateCheck = 1400;
				LastUpgradeCheck = 1400;
				TargetAttributes = {
					47ABD28E2888F06E0090387F = {
						CreatedOnToolsVersion = 14.0;
					};
					47ABD29E2888F06F0090387F = {
						CreatedOnToolsVersion = 14.0;
						TestTargetID = 47ABD28E2888F06E0090387F;
					};
					47ABD2A82888F06F0090387F = {
						CreatedOnToolsVersion = 14.0;
						TestTargetID = 47ABD28E2888F06E0090387F;
					};
				};
			};
			buildConfigurationList = 47ABD28A2888F06E0090387F /* Build configuration list for PBXProject "UI-618" */;
			compatibilityVersion = "Xcode 14.0";
			developmentRegion = en;
			hasScannedForEncodings = 0;
			knownRegions = (
				en,
				Base,
			);
			mainGroup = 47ABD2862888F06E0090387F;
			productRefGroup = 47ABD2902888F06E0090387F /* Products */;
			projectDirPath = "";
			projectRoot = "";
			targets = (
				47ABD28E2888F06E0090387F /* UI-618 */,
				47ABD29E2888F06F0090387F /* UI-618Tests */,
				47ABD2A82888F06F0090387F /* UI-618UITests */,
			);
		};
/* End PBXProject section */

/* Begin PBXResourcesBuildPhase section */
		47ABD28D2888F06E0090387F /* Resources */ = {
			isa = PBXResourcesBuildPhase;
			buildActionMask = 2147483647;
			files = (
				47ABD29A2888F06F0090387F /* Preview Assets.xcassets in Resources */,
				47ABD2972888F06F0090387F /* Assets.xcassets in Resources */,
			);
			runOnlyForDeploymentPostprocessing = 0;
		};
		47ABD29D2888F06F0090387F /* Resources */ = {
			isa = PBXResourcesBuildPhase;
			buildActionMask = 2147483647;
			files = (
			);
			runOnlyForDeploymentPostprocessing = 0;
		};
		47ABD2A72888F06F0090387F /* Resources */ = {
			isa = PBXResourcesBuildPhase;
			buildActionMask = 2147483647;
			files = (
			);
			runOnlyForDeploymentPostprocessing = 0;
		};
/* End PBXResourcesBuildPhase section */

/* Begin PBXSourcesBuildPhase section */
		47ABD28B2888F06E0090387F /* Sources */ = {
			isa = PBXSourcesBuildPhase;
			buildActionMask = 2147483647;
			files = (
				47ABD2952888F06E0090387F /* ContentView.swift in Sources */,
				47ABD2BE2888F0790090387F /* Home.swift in Sources */,
				47ABD2932888F06E0090387F /* UI_618App.swift in Sources */,
				47ABD2C22888F0880090387F /* Extensions.swift in Sources */,
			);
			runOnlyForDeploymentPostprocessing = 0;
		};
		47ABD29B2888F06F0090387F /* Sources */ = {
			isa = PBXSourcesBuildPhase;
			buildActionMask = 2147483647;
			files = (
				47ABD2A42888F06F0090387F /* UI_618Tests.swift in Sources */,
			);
			runOnlyForDeploymentPostprocessing = 0;
		};
		47ABD2A52888F06F0090387F /* Sources */ = {
			isa = PBXSourcesBuildPhase;
			buildActionMask = 2147483647;
			files = (
				47ABD2B02888F06F0090387F /* UI_618UITestsLaunchTests.swift in Sources */,
				47ABD2AE2888F06F0090387F /* UI_618UITests.swift in Sources */,
			);
			runOnlyForDeploymentPostprocessing = 0;
		};
/* End PBXSourcesBuildPhase section */

/* Begin PBXTargetDependency section */
		47ABD2A12888F06F0090387F /* PBXTargetDependency */ = {
			isa = PBXTargetDependency;
			target = 47ABD28E2888F06E0090387F /* UI-618 */;
			targetProxy = 47ABD2A02888F06F0090387F /* PBXContainerItemProxy */;
		};
		47ABD2AB2888F06F0090387F /* PBXTargetDependency */ = {
			isa = PBXTargetDependency;
			target = 47ABD28E2888F06E0090387F /* UI-618 */;
			targetProxy = 47ABD2AA2888F06F0090387F /* PBXContainerItemProxy */;
		};
/* End PBXTargetDependency section */

/* Begin XCBuildConfiguration section */
		47ABD2B12888F06F0090387F /* Debug */ = {
			isa = XCBuildConfiguration;
			buildSettings = {
				ALWAYS_SEARCH_USER_PATHS = NO;
				CLANG_ANALYZER_NONNULL = YES;
				CLANG_ANALYZER_NUMBER_OBJECT_CONVERSION = YES_AGGRESSIVE;
				CLANG_CXX_LANGUAGE_STANDARD = "gnu++17";
				CLANG_ENABLE_MODULES = YES;
				CLANG_ENABLE_OBJC_ARC = YES;
				CLANG_ENABLE_OBJC_WEAK = YES;
				CLANG_WARN_BLOCK_CAPTURE_AUTORELEASING = YES;
				CLANG_WARN_BOOL_CONVERSION = YES;
				CLANG_WARN_COMMA = YES;
				CLANG_WARN_CONSTANT_CONVERSION = YES;
				CLANG_WARN_DEPRECATED_OBJC_IMPLEMENTATIONS = YES;
				CLANG_WARN_DIRECT_OBJC_ISA_USAGE = YES_ERROR;
				CLANG_WARN_DOCUMENTATION_COMMENTS = YES;
				CLANG_WARN_EMPTY_BODY = YES;
				CLANG_WARN_ENUM_CONVERSION = YES;
				CLANG_WARN_INFINITE_RECURSION = YES;
				CLANG_WARN_INT_CONVERSION = YES;
				CLANG_WARN_NON_LITERAL_NULL_CONVERSION = YES;
				CLANG_WARN_OBJC_IMPLICIT_RETAIN_SELF = YES;
				CLANG_WARN_OBJC_LITERAL_CONVERSION = YES;
				CLANG_WARN_OBJC_ROOT_CLASS = YES_ERROR;
				CLANG_WARN_QUOTED_INCLUDE_IN_FRAMEWORK_HEADER = YES;
				CLANG_WARN_RANGE_LOOP_ANALYSIS = YES;
				CLANG_WARN_STRICT_PROTOTYPES = YES;
				CLANG_WARN_SUSPICIOUS_MOVE = YES;
				CLANG_WARN_UNGUARDED_AVAILABILITY = YES_AGGRESSIVE;
				CLANG_WARN_UNREACHABLE_CODE = YES;
				CLANG_WARN__DUPLICATE_METHOD_MATCH = YES;
				COPY_PHASE_STRIP = NO;
				DEBUG_INFORMATION_FORMAT = dwarf;
				ENABLE_STRICT_OBJC_MSGSEND = YES;
				ENABLE_TESTABILITY = YES;
				GCC_C_LANGUAGE_STANDARD = gnu11;
				GCC_DYNAMIC_NO_PIC = NO;
				GCC_NO_COMMON_BLOCKS = YES;
				GCC_OPTIMIZATION_LEVEL = 0;
				GCC_PREPROCESSOR_DEFINITIONS = (
					"DEBUG=1",
					"$(inherited)",
				);
				GCC_WARN_64_TO_32_BIT_CONVERSION = YES;
				GCC_WARN_ABOUT_RETURN_TYPE = YES_ERROR;
				GCC_WARN_UNDECLARED_SELECTOR = YES;
				GCC_WARN_UNINITIALIZED_AUTOS = YES_AGGRESSIVE;
				GCC_WARN_UNUSED_FUNCTION = YES;
				GCC_WARN_UNUSED_VARIABLE = YES;
				IPHONEOS_DEPLOYMENT_TARGET = 16.0;
				MTL_ENABLE_DEBUG_INFO = INCLUDE_SOURCE;
				MTL_FAST_MATH = YES;
				ONLY_ACTIVE_ARCH = YES;
				SDKROOT = iphoneos;
				SWIFT_ACTIVE_COMPILATION_CONDITIONS = DEBUG;
				SWIFT_OPTIMIZATION_LEVEL = "-Onone";
			};
			name = Debug;
		};
		47ABD2B22888F06F0090387F /* Release */ = {
			isa = XCBuildConfiguration;
			buildSettings = {
				ALWAYS_SEARCH_USER_PATHS = NO;
				CLANG_ANALYZER_NONNULL = YES;
				CLANG_ANALYZER_NUMBER_OBJECT_CONVERSION = YES_AGGRESSIVE;
				CLANG_CXX_LANGUAGE_STANDARD = "gnu++17";
				CLANG_ENABLE_MODULES = YES;
				CLANG_ENABLE_OBJC_ARC = YES;
				CLANG_ENABLE_OBJC_WEAK = YES;
				CLANG_WARN_BLOCK_CAPTURE_AUTORELEASING = YES;
				CLANG_WARN_BOOL_CONVERSION = YES;
				CLANG_WARN_COMMA = YES;
				CLANG_WARN_CONSTANT_CONVERSION = YES;
				CLANG_WARN_DEPRECATED_OBJC_IMPLEMENTATIONS = YES;
				CLANG_WARN_DIRECT_OBJC_ISA_USAGE = YES_ERROR;
				CLANG_WARN_DOCUMENTATION_COMMENTS = YES;
				CLANG_WARN_EMPTY_BODY = YES;
				CLANG_WARN_ENUM_CONVERSION = YES;
				CLANG_WARN_INFINITE_RECURSION = YES;
				CLANG_WARN_INT_CONVERSION = YES;
				CLANG_WARN_NON_LITERAL_NULL_CONVERSION = YES;
				CLANG_WARN_OBJC_IMPLICIT_RETAIN_SELF = YES;
				CLANG_WARN_OBJC_LITERAL_CONVERSION = YES;
				CLANG_WARN_OBJC_ROOT_CLASS = YES_ERROR;
				CLANG_WARN_QUOTED_INCLUDE_IN_FRAMEWORK_HEADER = YES;
				CLANG_WARN_RANGE_LOOP_ANALYSIS = YES;
				CLANG_WARN_STRICT_PROTOTYPES = YES;
				CLANG_WARN_SUSPICIOUS_MOVE = YES;
				CLANG_WARN_UNGUARDED_AVAILABILITY = YES_AGGRESSIVE;
				CLANG_WARN_UNREACHABLE_CODE = YES;
				CLANG_WARN__DUPLICATE_METHOD_MATCH = YES;
				COPY_PHASE_STRIP = NO;
				DEBUG_INFORMATION_FORMAT = "dwarf-with-dsym";
				ENABLE_NS_ASSERTIONS = NO;
				ENABLE_STRICT_OBJC_MSGSEND = YES;
				GCC_C_LANGUAGE_STANDARD = gnu11;
				GCC_NO_COMMON_BLOCKS = YES;
				GCC_WARN_64_TO_32_BIT_CONVERSION = YES;
				GCC_WARN_ABOUT_RETURN_TYPE = YES_ERROR;
				GCC_WARN_UNDECLARED_SELECTOR = YES;
				GCC_WARN_UNINITIALIZED_AUTOS = YES_AGGRESSIVE;
				GCC_WARN_UNUSED_FUNCTION = YES;
				GCC_WARN_UNUSED_VARIABLE = YES;
				IPHONEOS_DEPLOYMENT_TARGET = 16.0;
				MTL_ENABLE_DEBUG_INFO = NO;
				MTL_FAST_MATH = YES;
				SDKROOT = iphoneos;
				SWIFT_COMPILATION_MODE = wholemodule;
				SWIFT_OPTIMIZATION_LEVEL = "-O";
				VALIDATE_PRODUCT = YES;
			};
			name = Release;
		};
		47ABD2B42888F06F0090387F /* Debug */ = {
			isa = XCBuildConfiguration;
			buildSettings = {
				ASSETCATALOG_COMPILER_APPICON_NAME = AppIcon;
				ASSETCATALOG_COMPILER_GLOBAL_ACCENT_COLOR_NAME = AccentColor;
				CODE_SIGN_STYLE = Automatic;
				CURRENT_PROJECT_VERSION = 1;
				DEVELOPMENT_ASSET_PATHS = "\"UI-618/Preview Content\"";
				DEVELOPMENT_TEAM = 8CL4U468K5;
				ENABLE_PREVIEWS = YES;
				GENERATE_INFOPLIST_FILE = YES;
				INFOPLIST_KEY_UIApplicationSceneManifest_Generation = YES;
				INFOPLIST_KEY_UIApplicationSupportsIndirectInputEvents = YES;
				INFOPLIST_KEY_UILaunchScreen_Generation = YES;
				INFOPLIST_KEY_UISupportedInterfaceOrientations_iPad = "UIInterfaceOrientationPortrait UIInterfaceOrientationPortraitUpsideDown UIInterfaceOrientationLandscapeLeft UIInterfaceOrientationLandscapeRight";
				INFOPLIST_KEY_UISupportedInterfaceOrientations_iPhone = "UIInterfaceOrientationPortrait UIInterfaceOrientationLandscapeLeft UIInterfaceOrientationLandscapeRight";
				LD_RUNPATH_SEARCH_PATHS = (
					"$(inherited)",
					"@executable_path/Frameworks",
				);
				MARKETING_VERSION = 1.0;
				PRODUCT_BUNDLE_IDENTIFIER = "com.585.UI-618";
				PRODUCT_NAME = "$(TARGET_NAME)";
				SWIFT_EMIT_LOC_STRINGS = YES;
				SWIFT_VERSION = 5.0;
				TARGETED_DEVICE_FAMILY = "1,2";
			};
			name = Debug;
		};
		47ABD2B52888F06F0090387F /* Release */ = {
			isa = XCBuildConfiguration;
			buildSettings = {
				ASSETCATALOG_COMPILER_APPICON_NAME = AppIcon;
				ASSETCATALOG_COMPILER_GLOBAL_ACCENT_COLOR_NAME = AccentColor;
				CODE_SIGN_STYLE = Automatic;
				CURRENT_PROJECT_VERSION = 1;
				DEVELOPMENT_ASSET_PATHS = "\"UI-618/Preview Content\"";
				DEVELOPMENT_TEAM = 8CL4U468K5;
				ENABLE_PREVIEWS = YES;
				GENERATE_INFOPLIST_FILE = YES;
				INFOPLIST_KEY_UIApplicationSceneManifest_Generation = YES;
				INFOPLIST_KEY_UIApplicationSupportsIndirectInputEvents = YES;
				INFOPLIST_KEY_UILaunchScreen_Generation = YES;
				INFOPLIST_KEY_UISupportedInterfaceOrientations_iPad = "UIInterfaceOrientationPortrait UIInterfaceOrientationPortraitUpsideDown UIInterfaceOrientationLandscapeLeft UIInterfaceOrientationLandscapeRight";
				INFOPLIST_KEY_UISupportedInterfaceOrientations_iPhone = "UIInterfaceOrientationPortrait UIInterfaceOrientationLandscapeLeft UIInterfaceOrientationLandscapeRight";
				LD_RUNPATH_SEARCH_PATHS = (
					"$(inherited)",
					"@executable_path/Frameworks",
				);
				MARKETING_VERSION = 1.0;
				PRODUCT_BUNDLE_IDENTIFIER = "com.585.UI-618";
				PRODUCT_NAME = "$(TARGET_NAME)";
				SWIFT_EMIT_LOC_STRINGS = YES;
				SWIFT_VERSION = 5.0;
				TARGETED_DEVICE_FAMILY = "1,2";
			};
			name = Release;
		};
		47ABD2B72888F06F0090387F /* Debug */ = {
			isa = XCBuildConfiguration;
			buildSettings = {
				ALWAYS_EMBED_SWIFT_STANDARD_LIBRARIES = YES;
				BUNDLE_LOADER = "$(TEST_HOST)";
				CODE_SIGN_STYLE = Automatic;
				CURRENT_PROJECT_VERSION = 1;
				DEVELOPMENT_TEAM = 8CL4U468K5;
				GENERATE_INFOPLIST_FILE = YES;
				IPHONEOS_DEPLOYMENT_TARGET = 16.0;
				MARKETING_VERSION = 1.0;
				PRODUCT_BUNDLE_IDENTIFIER = "com.585.UI-618Tests";
				PRODUCT_NAME = "$(TARGET_NAME)";
				SWIFT_EMIT_LOC_STRINGS = NO;
				SWIFT_VERSION = 5.0;
				TARGETED_DEVICE_FAMILY = "1,2";
				TEST_HOST = "$(BUILT_PRODUCTS_DIR)/UI-618.app/$(BUNDLE_EXECUTABLE_FOLDER_PATH)/UI-618";
			};
			name = Debug;
		};
		47ABD2B82888F06F0090387F /* Release */ = {
			isa = XCBuildConfiguration;
			buildSettings = {
				ALWAYS_EMBED_SWIFT_STANDARD_LIBRARIES = YES;
				BUNDLE_LOADER = "$(TEST_HOST)";
				CODE_SIGN_STYLE = Automatic;
				CURRENT_PROJECT_VERSION = 1;
				DEVELOPMENT_TEAM = 8CL4U468K5;
				GENERATE_INFOPLIST_FILE = YES;
				IPHONEOS_DEPLOYMENT_TARGET = 16.0;
				MARKETING_VERSION = 1.0;
				PRODUCT_BUNDLE_IDENTIFIER = "com.585.UI-618Tests";
				PRODUCT_NAME = "$(TARGET_NAME)";
				SWIFT_EMIT_LOC_STRINGS = NO;
				SWIFT_VERSION = 5.0;
				TARGETED_DEVICE_FAMILY = "1,2";
				TEST_HOST = "$(BUILT_PRODUCTS_DIR)/UI-618.app/$(BUNDLE_EXECUTABLE_FOLDER_PATH)/UI-618";
			};
			name = Release;
		};
		47ABD2BA2888F06F0090387F /* Debug */ = {
			isa = XCBuildConfiguration;
			buildSettings = {
				ALWAYS_EMBED_SWIFT_STANDARD_LIBRARIES = YES;
				CODE_SIGN_STYLE = Automatic;
				CURRENT_PROJECT_VERSION = 1;
				DEVELOPMENT_TEAM = 8CL4U468K5;
				GENERATE_INFOPLIST_FILE = YES;
				MARKETING_VERSION = 1.0;
				PRODUCT_BUNDLE_IDENTIFIER = "com.585.UI-618UITests";
				PRODUCT_NAME = "$(TARGET_NAME)";
				SWIFT_EMIT_LOC_STRINGS = NO;
				SWIFT_VERSION = 5.0;
				TARGETED_DEVICE_FAMILY = "1,2";
				TEST_TARGET_NAME = "UI-618";
			};
			name = Debug;
		};
		47ABD2BB2888F06F0090387F /* Release */ = {
			isa = XCBuildConfiguration;
			buildSettings = {
				ALWAYS_EMBED_SWIFT_STANDARD_LIBRARIES = YES;
				CODE_SIGN_STYLE = Automatic;
				CURRENT_PROJECT_VERSION = 1;
				DEVELOPMENT_TEAM = 8CL4U468K5;
				GENERATE_INFOPLIST_FILE = YES;
				MARKETING_VERSION = 1.0;
				PRODUCT_BUNDLE_IDENTIFIER = "com.585.UI-618UITests";
				PRODUCT_NAME = "$(TARGET_NAME)";
				SWIFT_EMIT_LOC_STRINGS = NO;
				SWIFT_VERSION = 5.0;
				TARGETED_DEVICE_FAMILY = "1,2";
				TEST_TARGET_NAME = "UI-618";
			};
			name = Release;
		};
/* End XCBuildConfiguration section */

/* Begin XCConfigurationList section */
		47ABD28A2888F06E0090387F /* Build configuration list for PBXProject "UI-618" */ = {
			isa = XCConfigurationList;
			buildConfigurations = (
				47ABD2B12888F06F0090387F /* Debug */,
				47ABD2B22888F06F0090387F /* Release */,
			);
			defaultConfigurationIsVisible = 0;
			defaultConfigurationName = Release;
		};
		47ABD2B32888F06F0090387F /* Build configuration list for PBXNativeTarget "UI-618" */ = {
			isa = XCConfigurationList;
			buildConfigurations = (
				47ABD2B42888F06F0090387F /* Debug */,
				47ABD2B52888F06F0090387F /* Release */,
			);
			defaultConfigurationIsVisible = 0;
			defaultConfigurationName = Release;
		};
		47ABD2B62888F06F0090387F /* Build configuration list for PBXNativeTarget "UI-618Tests" */ = {
			isa = XCConfigurationList;
			buildConfigurations = (
				47ABD2B72888F06F0090387F /* Debug */,
				47ABD2B82888F06F0090387F /* Release */,
			);
			defaultConfigurationIsVisible = 0;
			defaultConfigurationName = Release;
		};
		47ABD2B92888F06F0090387F /* Build configuration list for PBXNativeTarget "UI-618UITests" */ = {
			isa = XCConfigurationList;
			buildConfigurations = (
				47ABD2BA2888F06F0090387F /* Debug */,
				47ABD2BB2888F06F0090387F /* Release */,
			);
			defaultConfigurationIsVisible = 0;
			defaultConfigurationName = Release;
		};
/* End XCConfigurationList section */
	};
	rootObject = 47ABD2872888F06E0090387F /* Project object */;
}
